
Microsoft Visual Studio Solution File, Format Version 12.00
# Visual Studio 14
VisualStudioVersion = 14.0.25123.0
MinimumVisualStudioVersion = 10.0.40219.1
Project("{888888A0-9F3D-457C-B088-3A5042F75D52}") = "ActivaiteChallenge", "ActivaiteChallenge\ActivaiteChallenge.pyproj", "{42C2E521-B4B9-4064-BD09-A9EB694D72CB}"
EndProject
Global
	GlobalSection(SolutionConfigurationPlatforms) = preSolution
		Debug|Any CPU = Debug|Any CPU
		Release|Any CPU = Release|Any CPU
	EndGlobalSection
	GlobalSection(ProjectConfigurationPlatforms) = postSolution
		{42C2E521-B4B9-4064-BD09-A9EB694D72CB}.Debug|Any CPU.ActiveCfg = Debug|Any CPU
		{42C2E521-B4B9-4064-BD09-A9EB694D72CB}.Release|Any CPU.ActiveCfg = Release|Any CPU
	EndGlobalSection
	GlobalSection(SolutionProperties) = preSolution
		HideSolutionNode = FALSE
	EndGlobalSection
EndGlobal
